
Microsoft Visual Studio Solution File, Format Version 12.00
# Visual Studio 2012
Project("{FAE04EC0-301F-11D3-BF4B-00C04F79EFBC}") = "01.a.FillPrintMatrixSpecialWay", "01.FillPrintMatrixSpecialWay\01.a.FillPrintMatrixSpecialWay.csproj", "{55355D30-79A7-4B00-8E00-9918865BC99A}"
EndProject
Project("{FAE04EC0-301F-11D3-BF4B-00C04F79EFBC}") = "01.b.FillPrintMatrixSpecialWay", "01.b.FillPrintMatrixSpecialWay\01.b.FillPrintMatrixSpecialWay.csproj", "{929F4B4A-FA38-4080-B933-A3E30B5A6A04}"
EndProject
Project("{FAE04EC0-301F-11D3-BF4B-00C04F79EFBC}") = "01.c.FillPrintMatrixSpecialWay", "01.c.FillPrintMatrixSpecialWay\01.c.FillPrintMatrixSpecialWay.csproj", "{98F54157-A662-45E7-8592-AEE5901BB276}"
EndProject
Project("{FAE04EC0-301F-11D3-BF4B-00C04F79EFBC}") = "01.d.FillPrintMatrixSpecialWay", "01.d.FillPrintMatrixSpecialWay\01.d.FillPrintMatrixSpecialWay.csproj", "{CAFAD504-9E54-4316-8989-23F84072EB39}"
EndProject
Project("{FAE04EC0-301F-11D3-BF4B-00C04F79EFBC}") = "02.FindMaximalSumMatrix", "02.FindMaximaSumMatrix\02.FindMaximalSumMatrix.csproj", "{D83EFB9B-1142-499C-8C9D-F34EDC722210}"
EndProject
Project("{FAE04EC0-301F-11D3-BF4B-00C04F79EFBC}") = "03.FindLongest SequenceStringInMatrix", "3.FindLongest SequenceStringInMatrix\03.FindLongest SequenceStringInMatrix.csproj", "{CF5FE926-7007-41AD-87BD-6AADE1BCB8D0}"
EndProject
Project("{FAE04EC0-301F-11D3-BF4B-00C04F79EFBC}") = "04.FindLargestElementSmallerThanKInMatrix", "4.FindLargestElementSmallerThanKInMatrix\04.FindLargestElementSmallerThanKInMatrix.csproj", "{62841BDA-9A2E-4A60-8672-342093077581}"
EndProject
Project("{FAE04EC0-301F-11D3-BF4B-00C04F79EFBC}") = "05.SortStringMatrixByLength", "05.SortStringMatrixByLength\05.SortStringMatrixByLength.csproj", "{9230CA61-FA35-46C6-8C7F-4F36A92CBD34}"
EndProject
Project("{FAE04EC0-301F-11D3-BF4B-00C04F79EFBC}") = "JustTraining", "JustTraining\JustTraining.csproj", "{DA0B8780-CB42-49CF-84E9-451230A9E34D}"
EndProject
Global
	GlobalSection(SolutionConfigurationPlatforms) = preSolution
		Debug|Any CPU = Debug|Any CPU
		Release|Any CPU = Release|Any CPU
	EndGlobalSection
	GlobalSection(ProjectConfigurationPlatforms) = postSolution
		{55355D30-79A7-4B00-8E00-9918865BC99A}.Debug|Any CPU.ActiveCfg = Debug|Any CPU
		{55355D30-79A7-4B00-8E00-9918865BC99A}.Debug|Any CPU.Build.0 = Debug|Any CPU
		{55355D30-79A7-4B00-8E00-9918865BC99A}.Release|Any CPU.ActiveCfg = Release|Any CPU
		{55355D30-79A7-4B00-8E00-9918865BC99A}.Release|Any CPU.Build.0 = Release|Any CPU
		{929F4B4A-FA38-4080-B933-A3E30B5A6A04}.Debug|Any CPU.ActiveCfg = Debug|Any CPU
		{929F4B4A-FA38-4080-B933-A3E30B5A6A04}.Debug|Any CPU.Build.0 = Debug|Any CPU
		{929F4B4A-FA38-4080-B933-A3E30B5A6A04}.Release|Any CPU.ActiveCfg = Release|Any CPU
		{929F4B4A-FA38-4080-B933-A3E30B5A6A04}.Release|Any CPU.Build.0 = Release|Any CPU
		{98F54157-A662-45E7-8592-AEE5901BB276}.Debug|Any CPU.ActiveCfg = Debug|Any CPU
		{98F54157-A662-45E7-8592-AEE5901BB276}.Debug|Any CPU.Build.0 = Debug|Any CPU
		{98F54157-A662-45E7-8592-AEE5901BB276}.Release|Any CPU.ActiveCfg = Release|Any CPU
		{98F54157-A662-45E7-8592-AEE5901BB276}.Release|Any CPU.Build.0 = Release|Any CPU
		{CAFAD504-9E54-4316-8989-23F84072EB39}.Debug|Any CPU.ActiveCfg = Debug|Any CPU
		{CAFAD504-9E54-4316-8989-23F84072EB39}.Debug|Any CPU.Build.0 = Debug|Any CPU
		{CAFAD504-9E54-4316-8989-23F84072EB39}.Release|Any CPU.ActiveCfg = Release|Any CPU
		{CAFAD504-9E54-4316-8989-23F84072EB39}.Release|Any CPU.Build.0 = Release|Any CPU
		{D83EFB9B-1142-499C-8C9D-F34EDC722210}.Debug|Any CPU.ActiveCfg = Debug|Any CPU
		{D83EFB9B-1142-499C-8C9D-F34EDC722210}.Debug|Any CPU.Build.0 = Debug|Any CPU
		{D83EFB9B-1142-499C-8C9D-F34EDC722210}.Release|Any CPU.ActiveCfg = Release|Any CPU
		{D83EFB9B-1142-499C-8C9D-F34EDC722210}.Release|Any CPU.Build.0 = Release|Any CPU
		{CF5FE926-7007-41AD-87BD-6AADE1BCB8D0}.Debug|Any CPU.ActiveCfg = Debug|Any CPU
		{CF5FE926-7007-41AD-87BD-6AADE1BCB8D0}.Debug|Any CPU.Build.0 = Debug|Any CPU
		{CF5FE926-7007-41AD-87BD-6AADE1BCB8D0}.Release|Any CPU.ActiveCfg = Release|Any CPU
		{CF5FE926-7007-41AD-87BD-6AADE1BCB8D0}.Release|Any CPU.Build.0 = Release|Any CPU
		{62841BDA-9A2E-4A60-8672-342093077581}.Debug|Any CPU.ActiveCfg = Debug|Any CPU
		{62841BDA-9A2E-4A60-8672-342093077581}.Debug|Any CPU.Build.0 = Debug|Any CPU
		{62841BDA-9A2E-4A60-8672-342093077581}.Release|Any CPU.ActiveCfg = Release|Any CPU
		{62841BDA-9A2E-4A60-8672-342093077581}.Release|Any CPU.Build.0 = Release|Any CPU
		{9230CA61-FA35-46C6-8C7F-4F36A92CBD34}.Debug|Any CPU.ActiveCfg = Debug|Any CPU
		{9230CA61-FA35-46C6-8C7F-4F36A92CBD34}.Debug|Any CPU.Build.0 = Debug|Any CPU
		{9230CA61-FA35-46C6-8C7F-4F36A92CBD34}.Release|Any CPU.ActiveCfg = Release|Any CPU
		{9230CA61-FA35-46C6-8C7F-4F36A92CBD34}.Release|Any CPU.Build.0 = Release|Any CPU
		{DA0B8780-CB42-49CF-84E9-451230A9E34D}.Debug|Any CPU.ActiveCfg = Debug|Any CPU
		{DA0B8780-CB42-49CF-84E9-451230A9E34D}.Debug|Any CPU.Build.0 = Debug|Any CPU
		{DA0B8780-CB42-49CF-84E9-451230A9E34D}.Release|Any CPU.ActiveCfg = Release|Any CPU
		{DA0B8780-CB42-49CF-84E9-451230A9E34D}.Release|Any CPU.Build.0 = Release|Any CPU
	EndGlobalSection
	GlobalSection(SolutionProperties) = preSolution
		HideSolutionNode = FALSE
	EndGlobalSection
EndGlobal
